
Microsoft Visual Studio Solution File, Format Version 12.00
# Visual Studio Version 16
VisualStudioVersion = 16.0.30804.86
MinimumVisualStudioVersion = 10.0.40219.1
Project("{FAE04EC0-301F-11D3-BF4B-00C04F79EFBC}") = "Test SimbirSoft", "Test SimbirSoft\Test SimbirSoft.csproj", "{9B75640E-9BA1-42BC-BE1A-E0A83913F4B2}"
EndProject
Global
	GlobalSection(SolutionConfigurationPlatforms) = preSolution
		Debug|Any CPU = Debug|Any CPU
		Release|Any CPU = Release|Any CPU
	EndGlobalSection
	GlobalSection(ProjectConfigurationPlatforms) = postSolution
		{9B75640E-9BA1-42BC-BE1A-E0A83913F4B2}.Debug|Any CPU.ActiveCfg = Debug|Any CPU
		{9B75640E-9BA1-42BC-BE1A-E0A83913F4B2}.Debug|Any CPU.Build.0 = Debug|Any CPU
		{9B75640E-9BA1-42BC-BE1A-E0A83913F4B2}.Release|Any CPU.ActiveCfg = Release|Any CPU
		{9B75640E-9BA1-42BC-BE1A-E0A83913F4B2}.Release|Any CPU.Build.0 = Release|Any CPU
	EndGlobalSection
	GlobalSection(SolutionProperties) = preSolution
		HideSolutionNode = FALSE
	EndGlobalSection
	GlobalSection(ExtensibilityGlobals) = postSolution
		SolutionGuid = {0A75F43E-2333-4666-925E-489954E54B1C}
	EndGlobalSection
EndGlobal
